
Microsoft Visual Studio Solution File, Format Version 12.00
# Visual Studio Version 16
VisualStudioVersion = 16.0.29326.143
MinimumVisualStudioVersion = 10.0.40219.1
Project("{FAE04EC0-301F-11D3-BF4B-00C04F79EFBC}") = "Lab 1", "Lab 1.csproj", "{CEC44F59-FF7C-4E32-8939-28A944D502FA}"
EndProject
Global
	GlobalSection(SolutionConfigurationPlatforms) = preSolution
		Debug|Any CPU = Debug|Any CPU
		Release|Any CPU = Release|Any CPU
	EndGlobalSection
	GlobalSection(ProjectConfigurationPlatforms) = postSolution
		{CEC44F59-FF7C-4E32-8939-28A944D502FA}.Debug|Any CPU.ActiveCfg = Debug|Any CPU
		{CEC44F59-FF7C-4E32-8939-28A944D502FA}.Debug|Any CPU.Build.0 = Debug|Any CPU
		{CEC44F59-FF7C-4E32-8939-28A944D502FA}.Release|Any CPU.ActiveCfg = Release|Any CPU
		{CEC44F59-FF7C-4E32-8939-28A944D502FA}.Release|Any CPU.Build.0 = Release|Any CPU
	EndGlobalSection
	GlobalSection(SolutionProperties) = preSolution
		HideSolutionNode = FALSE
	EndGlobalSection
	GlobalSection(ExtensibilityGlobals) = postSolution
		SolutionGuid = {F0CAD98C-FFE3-4921-AD72-2A6C823BF47C}
	EndGlobalSection
EndGlobal
