
Microsoft Visual Studio Solution File, Format Version 12.00
# Visual Studio Version 16
VisualStudioVersion = 16.0.29926.136
MinimumVisualStudioVersion = 10.0.40219.1
Project("{FAE04EC0-301F-11D3-BF4B-00C04F79EFBC}") = "Save the Humans", "Save the Humans.csproj", "{497AFBE9-FF69-4705-9D8C-0A868DD20AC4}"
EndProject
Global
	GlobalSection(SolutionConfigurationPlatforms) = preSolution
		Debug|Any CPU = Debug|Any CPU
		Release|Any CPU = Release|Any CPU
	EndGlobalSection
	GlobalSection(ProjectConfigurationPlatforms) = postSolution
		{497AFBE9-FF69-4705-9D8C-0A868DD20AC4}.Debug|Any CPU.ActiveCfg = Debug|Any CPU
		{497AFBE9-FF69-4705-9D8C-0A868DD20AC4}.Debug|Any CPU.Build.0 = Debug|Any CPU
		{497AFBE9-FF69-4705-9D8C-0A868DD20AC4}.Release|Any CPU.ActiveCfg = Release|Any CPU
		{497AFBE9-FF69-4705-9D8C-0A868DD20AC4}.Release|Any CPU.Build.0 = Release|Any CPU
	EndGlobalSection
	GlobalSection(SolutionProperties) = preSolution
		HideSolutionNode = FALSE
	EndGlobalSection
	GlobalSection(ExtensibilityGlobals) = postSolution
		SolutionGuid = {41B2DCD0-6B0D-4D1E-AA75-C6C3CC3022C4}
	EndGlobalSection
EndGlobal
