
Microsoft Visual Studio Solution File, Format Version 12.00
# Visual Studio Version 16
VisualStudioVersion = 16.0.29926.136
MinimumVisualStudioVersion = 10.0.40219.1
Project("{FAE04EC0-301F-11D3-BF4B-00C04F79EFBC}") = "ConsoleApp_StreamWriter", "ConsoleApp_StreamWriter.csproj", "{CA553C95-1E19-4AF5-B824-CF608C14A16E}"
EndProject
Global
	GlobalSection(SolutionConfigurationPlatforms) = preSolution
		Debug|Any CPU = Debug|Any CPU
		Release|Any CPU = Release|Any CPU
	EndGlobalSection
	GlobalSection(ProjectConfigurationPlatforms) = postSolution
		{CA553C95-1E19-4AF5-B824-CF608C14A16E}.Debug|Any CPU.ActiveCfg = Debug|Any CPU
		{CA553C95-1E19-4AF5-B824-CF608C14A16E}.Debug|Any CPU.Build.0 = Debug|Any CPU
		{CA553C95-1E19-4AF5-B824-CF608C14A16E}.Release|Any CPU.ActiveCfg = Release|Any CPU
		{CA553C95-1E19-4AF5-B824-CF608C14A16E}.Release|Any CPU.Build.0 = Release|Any CPU
	EndGlobalSection
	GlobalSection(SolutionProperties) = preSolution
		HideSolutionNode = FALSE
	EndGlobalSection
	GlobalSection(ExtensibilityGlobals) = postSolution
		SolutionGuid = {CB815E63-D2CB-4164-A6BC-F23A2014E6C9}
	EndGlobalSection
EndGlobal
