
Microsoft Visual Studio Solution File, Format Version 12.00
# Visual Studio Version 16
VisualStudioVersion = 16.0.30413.136
MinimumVisualStudioVersion = 10.0.40219.1
Project("{FAE04EC0-301F-11D3-BF4B-00C04F79EFBC}") = "NullableType", "NullableType.csproj", "{AEDAFBA5-8AFB-4175-B856-61C9DBA3C7C9}"
EndProject
Global
	GlobalSection(SolutionConfigurationPlatforms) = preSolution
		Debug|Any CPU = Debug|Any CPU
		Release|Any CPU = Release|Any CPU
	EndGlobalSection
	GlobalSection(ProjectConfigurationPlatforms) = postSolution
		{AEDAFBA5-8AFB-4175-B856-61C9DBA3C7C9}.Debug|Any CPU.ActiveCfg = Debug|Any CPU
		{AEDAFBA5-8AFB-4175-B856-61C9DBA3C7C9}.Debug|Any CPU.Build.0 = Debug|Any CPU
		{AEDAFBA5-8AFB-4175-B856-61C9DBA3C7C9}.Release|Any CPU.ActiveCfg = Release|Any CPU
		{AEDAFBA5-8AFB-4175-B856-61C9DBA3C7C9}.Release|Any CPU.Build.0 = Release|Any CPU
	EndGlobalSection
	GlobalSection(SolutionProperties) = preSolution
		HideSolutionNode = FALSE
	EndGlobalSection
	GlobalSection(ExtensibilityGlobals) = postSolution
		SolutionGuid = {819E2E9A-F46A-46BA-86D0-9911E68BD972}
	EndGlobalSection
EndGlobal
