
Microsoft Visual Studio Solution File, Format Version 12.00
# Visual Studio Version 16
VisualStudioVersion = 16.0.29326.143
MinimumVisualStudioVersion = 10.0.40219.1
Project("{FAE04EC0-301F-11D3-BF4B-00C04F79EFBC}") = "Program 1", "Program 1.csproj", "{20DB1C3A-15C5-4AA6-9785-EBE61A76ED86}"
EndProject
Global
	GlobalSection(SolutionConfigurationPlatforms) = preSolution
		Debug|Any CPU = Debug|Any CPU
		Release|Any CPU = Release|Any CPU
	EndGlobalSection
	GlobalSection(ProjectConfigurationPlatforms) = postSolution
		{20DB1C3A-15C5-4AA6-9785-EBE61A76ED86}.Debug|Any CPU.ActiveCfg = Debug|Any CPU
		{20DB1C3A-15C5-4AA6-9785-EBE61A76ED86}.Debug|Any CPU.Build.0 = Debug|Any CPU
		{20DB1C3A-15C5-4AA6-9785-EBE61A76ED86}.Release|Any CPU.ActiveCfg = Release|Any CPU
		{20DB1C3A-15C5-4AA6-9785-EBE61A76ED86}.Release|Any CPU.Build.0 = Release|Any CPU
	EndGlobalSection
	GlobalSection(SolutionProperties) = preSolution
		HideSolutionNode = FALSE
	EndGlobalSection
	GlobalSection(ExtensibilityGlobals) = postSolution
		SolutionGuid = {F9A29AAF-023E-4E7F-895D-A601DEE2D1F3}
	EndGlobalSection
EndGlobal
