
Microsoft Visual Studio Solution File, Format Version 12.00
# Visual Studio Version 16
VisualStudioVersion = 16.0.30413.136
MinimumVisualStudioVersion = 10.0.40219.1
Project("{FAE04EC0-301F-11D3-BF4B-00C04F79EFBC}") = "AnonymousEx", "AnonymousEx.csproj", "{91A3C91E-C631-48A8-9232-04B3AF53B945}"
EndProject
Global
	GlobalSection(SolutionConfigurationPlatforms) = preSolution
		Debug|Any CPU = Debug|Any CPU
		Release|Any CPU = Release|Any CPU
	EndGlobalSection
	GlobalSection(ProjectConfigurationPlatforms) = postSolution
		{91A3C91E-C631-48A8-9232-04B3AF53B945}.Debug|Any CPU.ActiveCfg = Debug|Any CPU
		{91A3C91E-C631-48A8-9232-04B3AF53B945}.Debug|Any CPU.Build.0 = Debug|Any CPU
		{91A3C91E-C631-48A8-9232-04B3AF53B945}.Release|Any CPU.ActiveCfg = Release|Any CPU
		{91A3C91E-C631-48A8-9232-04B3AF53B945}.Release|Any CPU.Build.0 = Release|Any CPU
	EndGlobalSection
	GlobalSection(SolutionProperties) = preSolution
		HideSolutionNode = FALSE
	EndGlobalSection
	GlobalSection(ExtensibilityGlobals) = postSolution
		SolutionGuid = {1D9D50CA-4AA6-4C9E-B066-028ABD0304C4}
	EndGlobalSection
EndGlobal
