
Microsoft Visual Studio Solution File, Format Version 12.00
# Visual Studio Version 16
VisualStudioVersion = 16.0.29326.143
MinimumVisualStudioVersion = 10.0.40219.1
Project("{FAE04EC0-301F-11D3-BF4B-00C04F79EFBC}") = "Wpf_HFCS", "Wpf_HFCS.csproj", "{48AF3EB9-DE25-4A6A-A474-53D95FF33644}"
EndProject
Global
	GlobalSection(SolutionConfigurationPlatforms) = preSolution
		Debug|Any CPU = Debug|Any CPU
		Release|Any CPU = Release|Any CPU
	EndGlobalSection
	GlobalSection(ProjectConfigurationPlatforms) = postSolution
		{48AF3EB9-DE25-4A6A-A474-53D95FF33644}.Debug|Any CPU.ActiveCfg = Debug|Any CPU
		{48AF3EB9-DE25-4A6A-A474-53D95FF33644}.Debug|Any CPU.Build.0 = Debug|Any CPU
		{48AF3EB9-DE25-4A6A-A474-53D95FF33644}.Release|Any CPU.ActiveCfg = Release|Any CPU
		{48AF3EB9-DE25-4A6A-A474-53D95FF33644}.Release|Any CPU.Build.0 = Release|Any CPU
	EndGlobalSection
	GlobalSection(SolutionProperties) = preSolution
		HideSolutionNode = FALSE
	EndGlobalSection
	GlobalSection(ExtensibilityGlobals) = postSolution
		SolutionGuid = {D4D8C7E9-D737-46D5-844A-E91FA62BD19A}
	EndGlobalSection
EndGlobal
