
Microsoft Visual Studio Solution File, Format Version 12.00
# Visual Studio Version 16
VisualStudioVersion = 16.0.29326.143
MinimumVisualStudioVersion = 10.0.40219.1
Project("{FAE04EC0-301F-11D3-BF4B-00C04F79EFBC}") = "Exercise", "Exercise.csproj", "{957427E7-BBC1-4343-8C62-3207FC2EC9F1}"
EndProject
Global
	GlobalSection(SolutionConfigurationPlatforms) = preSolution
		Debug|Any CPU = Debug|Any CPU
		Release|Any CPU = Release|Any CPU
	EndGlobalSection
	GlobalSection(ProjectConfigurationPlatforms) = postSolution
		{957427E7-BBC1-4343-8C62-3207FC2EC9F1}.Debug|Any CPU.ActiveCfg = Debug|Any CPU
		{957427E7-BBC1-4343-8C62-3207FC2EC9F1}.Debug|Any CPU.Build.0 = Debug|Any CPU
		{957427E7-BBC1-4343-8C62-3207FC2EC9F1}.Release|Any CPU.ActiveCfg = Release|Any CPU
		{957427E7-BBC1-4343-8C62-3207FC2EC9F1}.Release|Any CPU.Build.0 = Release|Any CPU
	EndGlobalSection
	GlobalSection(SolutionProperties) = preSolution
		HideSolutionNode = FALSE
	EndGlobalSection
	GlobalSection(ExtensibilityGlobals) = postSolution
		SolutionGuid = {E0D5F200-836D-46B1-BB49-AB4FD5D79246}
	EndGlobalSection
EndGlobal
