
Microsoft Visual Studio Solution File, Format Version 12.00
# Visual Studio Version 16
VisualStudioVersion = 16.0.29926.136
MinimumVisualStudioVersion = 10.0.40219.1
Project("{FAE04EC0-301F-11D3-BF4B-00C04F79EFBC}") = "LongExercise_Part2", "LongExercise_Part2.csproj", "{107A8ECF-1F8F-42FF-8AE0-1B370E7AE405}"
EndProject
Global
	GlobalSection(SolutionConfigurationPlatforms) = preSolution
		Debug|Any CPU = Debug|Any CPU
		Release|Any CPU = Release|Any CPU
	EndGlobalSection
	GlobalSection(ProjectConfigurationPlatforms) = postSolution
		{107A8ECF-1F8F-42FF-8AE0-1B370E7AE405}.Debug|Any CPU.ActiveCfg = Debug|Any CPU
		{107A8ECF-1F8F-42FF-8AE0-1B370E7AE405}.Debug|Any CPU.Build.0 = Debug|Any CPU
		{107A8ECF-1F8F-42FF-8AE0-1B370E7AE405}.Release|Any CPU.ActiveCfg = Release|Any CPU
		{107A8ECF-1F8F-42FF-8AE0-1B370E7AE405}.Release|Any CPU.Build.0 = Release|Any CPU
	EndGlobalSection
	GlobalSection(SolutionProperties) = preSolution
		HideSolutionNode = FALSE
	EndGlobalSection
	GlobalSection(ExtensibilityGlobals) = postSolution
		SolutionGuid = {8DCD9E35-413D-4746-9A6B-599398093C27}
	EndGlobalSection
EndGlobal
