
Microsoft Visual Studio Solution File, Format Version 12.00
# Visual Studio Version 16
VisualStudioVersion = 16.0.29926.136
MinimumVisualStudioVersion = 10.0.40219.1
Project("{FAE04EC0-301F-11D3-BF4B-00C04F79EFBC}") = "WPF_Beehive", "WPF_Beehive.csproj", "{DCFBAD6B-B030-4811-8B80-94C2D2368C85}"
EndProject
Global
	GlobalSection(SolutionConfigurationPlatforms) = preSolution
		Debug|Any CPU = Debug|Any CPU
		Release|Any CPU = Release|Any CPU
	EndGlobalSection
	GlobalSection(ProjectConfigurationPlatforms) = postSolution
		{DCFBAD6B-B030-4811-8B80-94C2D2368C85}.Debug|Any CPU.ActiveCfg = Debug|Any CPU
		{DCFBAD6B-B030-4811-8B80-94C2D2368C85}.Debug|Any CPU.Build.0 = Debug|Any CPU
		{DCFBAD6B-B030-4811-8B80-94C2D2368C85}.Release|Any CPU.ActiveCfg = Release|Any CPU
		{DCFBAD6B-B030-4811-8B80-94C2D2368C85}.Release|Any CPU.Build.0 = Release|Any CPU
	EndGlobalSection
	GlobalSection(SolutionProperties) = preSolution
		HideSolutionNode = FALSE
	EndGlobalSection
	GlobalSection(ExtensibilityGlobals) = postSolution
		SolutionGuid = {B8C8124E-1966-44FA-8355-EFCA7BFEA8A2}
	EndGlobalSection
EndGlobal
