
Microsoft Visual Studio Solution File, Format Version 12.00
# Visual Studio Version 16
VisualStudioVersion = 16.0.29926.136
MinimumVisualStudioVersion = 10.0.40219.1
Project("{FAE04EC0-301F-11D3-BF4B-00C04F79EFBC}") = "Covariance", "Covariance.csproj", "{E00E35DB-B5F8-44BB-AA33-C8AEB8C81D1A}"
EndProject
Global
	GlobalSection(SolutionConfigurationPlatforms) = preSolution
		Debug|Any CPU = Debug|Any CPU
		Release|Any CPU = Release|Any CPU
	EndGlobalSection
	GlobalSection(ProjectConfigurationPlatforms) = postSolution
		{E00E35DB-B5F8-44BB-AA33-C8AEB8C81D1A}.Debug|Any CPU.ActiveCfg = Debug|Any CPU
		{E00E35DB-B5F8-44BB-AA33-C8AEB8C81D1A}.Debug|Any CPU.Build.0 = Debug|Any CPU
		{E00E35DB-B5F8-44BB-AA33-C8AEB8C81D1A}.Release|Any CPU.ActiveCfg = Release|Any CPU
		{E00E35DB-B5F8-44BB-AA33-C8AEB8C81D1A}.Release|Any CPU.Build.0 = Release|Any CPU
	EndGlobalSection
	GlobalSection(SolutionProperties) = preSolution
		HideSolutionNode = FALSE
	EndGlobalSection
	GlobalSection(ExtensibilityGlobals) = postSolution
		SolutionGuid = {7465B4D7-BF13-4621-B9ED-87E7AE25B6A1}
	EndGlobalSection
EndGlobal
