
Microsoft Visual Studio Solution File, Format Version 12.00
# Visual Studio Version 16
VisualStudioVersion = 16.0.29926.136
MinimumVisualStudioVersion = 10.0.40219.1
Project("{FAE04EC0-301F-11D3-BF4B-00C04F79EFBC}") = "Headfirst.Csharp.Leftover3", "Headfirst.Csharp.Leftover3.csproj", "{8D5A95F5-B87F-4CEC-98E6-D0B459B2CEE9}"
EndProject
Project("{FAE04EC0-301F-11D3-BF4B-00C04F79EFBC}") = "MyProject", "..\MyProject\MyProject.csproj", "{B7623CEF-BE48-4646-899F-AF231C962041}"
EndProject
Global
	GlobalSection(SolutionConfigurationPlatforms) = preSolution
		Debug|Any CPU = Debug|Any CPU
		Release|Any CPU = Release|Any CPU
	EndGlobalSection
	GlobalSection(ProjectConfigurationPlatforms) = postSolution
		{8D5A95F5-B87F-4CEC-98E6-D0B459B2CEE9}.Debug|Any CPU.ActiveCfg = Debug|Any CPU
		{8D5A95F5-B87F-4CEC-98E6-D0B459B2CEE9}.Debug|Any CPU.Build.0 = Debug|Any CPU
		{8D5A95F5-B87F-4CEC-98E6-D0B459B2CEE9}.Release|Any CPU.ActiveCfg = Release|Any CPU
		{8D5A95F5-B87F-4CEC-98E6-D0B459B2CEE9}.Release|Any CPU.Build.0 = Release|Any CPU
		{B7623CEF-BE48-4646-899F-AF231C962041}.Debug|Any CPU.ActiveCfg = Debug|Any CPU
		{B7623CEF-BE48-4646-899F-AF231C962041}.Debug|Any CPU.Build.0 = Debug|Any CPU
		{B7623CEF-BE48-4646-899F-AF231C962041}.Release|Any CPU.ActiveCfg = Release|Any CPU
		{B7623CEF-BE48-4646-899F-AF231C962041}.Release|Any CPU.Build.0 = Release|Any CPU
	EndGlobalSection
	GlobalSection(SolutionProperties) = preSolution
		HideSolutionNode = FALSE
	EndGlobalSection
	GlobalSection(ExtensibilityGlobals) = postSolution
		SolutionGuid = {C7B89D70-85B1-4173-AFE8-FBE35661846E}
	EndGlobalSection
EndGlobal
