
Microsoft Visual Studio Solution File, Format Version 12.00
# Visual Studio Version 16
VisualStudioVersion = 16.0.29326.143
MinimumVisualStudioVersion = 10.0.40219.1
Project("{FAE04EC0-301F-11D3-BF4B-00C04F79EFBC}") = "Party Planner", "Party Planner.csproj", "{2331CC12-EAC0-4E5F-819E-AE45034A90B6}"
EndProject
Global
	GlobalSection(SolutionConfigurationPlatforms) = preSolution
		Debug|Any CPU = Debug|Any CPU
		Release|Any CPU = Release|Any CPU
	EndGlobalSection
	GlobalSection(ProjectConfigurationPlatforms) = postSolution
		{2331CC12-EAC0-4E5F-819E-AE45034A90B6}.Debug|Any CPU.ActiveCfg = Debug|Any CPU
		{2331CC12-EAC0-4E5F-819E-AE45034A90B6}.Debug|Any CPU.Build.0 = Debug|Any CPU
		{2331CC12-EAC0-4E5F-819E-AE45034A90B6}.Release|Any CPU.ActiveCfg = Release|Any CPU
		{2331CC12-EAC0-4E5F-819E-AE45034A90B6}.Release|Any CPU.Build.0 = Release|Any CPU
	EndGlobalSection
	GlobalSection(SolutionProperties) = preSolution
		HideSolutionNode = FALSE
	EndGlobalSection
	GlobalSection(ExtensibilityGlobals) = postSolution
		SolutionGuid = {7982501E-5E5F-4AC8-8BC2-5EEA80235969}
	EndGlobalSection
EndGlobal
