
Microsoft Visual Studio Solution File, Format Version 12.00
# Visual Studio Version 16
VisualStudioVersion = 16.0.30413.136
MinimumVisualStudioVersion = 10.0.40219.1
Project("{FAE04EC0-301F-11D3-BF4B-00C04F79EFBC}") = "WindowsFormsApp1", "WindowsFormsApp1.csproj", "{36607F00-1C5D-4D26-B48F-92216C7E6903}"
EndProject
Global
	GlobalSection(SolutionConfigurationPlatforms) = preSolution
		Debug|Any CPU = Debug|Any CPU
		Release|Any CPU = Release|Any CPU
	EndGlobalSection
	GlobalSection(ProjectConfigurationPlatforms) = postSolution
		{36607F00-1C5D-4D26-B48F-92216C7E6903}.Debug|Any CPU.ActiveCfg = Debug|Any CPU
		{36607F00-1C5D-4D26-B48F-92216C7E6903}.Debug|Any CPU.Build.0 = Debug|Any CPU
		{36607F00-1C5D-4D26-B48F-92216C7E6903}.Release|Any CPU.ActiveCfg = Release|Any CPU
		{36607F00-1C5D-4D26-B48F-92216C7E6903}.Release|Any CPU.Build.0 = Release|Any CPU
	EndGlobalSection
	GlobalSection(SolutionProperties) = preSolution
		HideSolutionNode = FALSE
	EndGlobalSection
	GlobalSection(ExtensibilityGlobals) = postSolution
		SolutionGuid = {1364E536-36D3-4C5C-A60A-9358AC42EB99}
	EndGlobalSection
EndGlobal
