
Microsoft Visual Studio Solution File, Format Version 12.00
# Visual Studio Version 16
VisualStudioVersion = 16.0.29926.136
MinimumVisualStudioVersion = 10.0.40219.1
Project("{FAE04EC0-301F-11D3-BF4B-00C04F79EFBC}") = "SimpleTextEditor", "SimpleTextEditor.csproj", "{7BC280B8-5EEE-42DD-92C7-8939EAD6A3D2}"
EndProject
Global
	GlobalSection(SolutionConfigurationPlatforms) = preSolution
		Debug|Any CPU = Debug|Any CPU
		Release|Any CPU = Release|Any CPU
	EndGlobalSection
	GlobalSection(ProjectConfigurationPlatforms) = postSolution
		{7BC280B8-5EEE-42DD-92C7-8939EAD6A3D2}.Debug|Any CPU.ActiveCfg = Debug|Any CPU
		{7BC280B8-5EEE-42DD-92C7-8939EAD6A3D2}.Debug|Any CPU.Build.0 = Debug|Any CPU
		{7BC280B8-5EEE-42DD-92C7-8939EAD6A3D2}.Release|Any CPU.ActiveCfg = Release|Any CPU
		{7BC280B8-5EEE-42DD-92C7-8939EAD6A3D2}.Release|Any CPU.Build.0 = Release|Any CPU
	EndGlobalSection
	GlobalSection(SolutionProperties) = preSolution
		HideSolutionNode = FALSE
	EndGlobalSection
	GlobalSection(ExtensibilityGlobals) = postSolution
		SolutionGuid = {86D9BAC3-4C78-4BCA-8151-A963B4A0E499}
	EndGlobalSection
EndGlobal
