
Microsoft Visual Studio Solution File, Format Version 12.00
# Visual Studio Version 16
VisualStudioVersion = 16.0.29926.136
MinimumVisualStudioVersion = 10.0.40219.1
Project("{FAE04EC0-301F-11D3-BF4B-00C04F79EFBC}") = "PlayingCard_Part2", "PlayingCard_Part2.csproj", "{7505ABCF-33F5-41EA-A843-EBC3719989C8}"
EndProject
Global
	GlobalSection(SolutionConfigurationPlatforms) = preSolution
		Debug|Any CPU = Debug|Any CPU
		Release|Any CPU = Release|Any CPU
	EndGlobalSection
	GlobalSection(ProjectConfigurationPlatforms) = postSolution
		{7505ABCF-33F5-41EA-A843-EBC3719989C8}.Debug|Any CPU.ActiveCfg = Debug|Any CPU
		{7505ABCF-33F5-41EA-A843-EBC3719989C8}.Debug|Any CPU.Build.0 = Debug|Any CPU
		{7505ABCF-33F5-41EA-A843-EBC3719989C8}.Release|Any CPU.ActiveCfg = Release|Any CPU
		{7505ABCF-33F5-41EA-A843-EBC3719989C8}.Release|Any CPU.Build.0 = Release|Any CPU
	EndGlobalSection
	GlobalSection(SolutionProperties) = preSolution
		HideSolutionNode = FALSE
	EndGlobalSection
	GlobalSection(ExtensibilityGlobals) = postSolution
		SolutionGuid = {83FF813A-DBCE-4CDC-A86A-A08D9A4C64EF}
	EndGlobalSection
EndGlobal
