
Microsoft Visual Studio Solution File, Format Version 12.00
# Visual Studio Version 16
VisualStudioVersion = 16.0.29326.143
MinimumVisualStudioVersion = 10.0.40219.1
Project("{FAE04EC0-301F-11D3-BF4B-00C04F79EFBC}") = "Program 1", "Program 1.csproj", "{C81F9B4A-75A9-49BE-AEF2-8A8FEB25DA31}"
EndProject
Global
	GlobalSection(SolutionConfigurationPlatforms) = preSolution
		Debug|Any CPU = Debug|Any CPU
		Release|Any CPU = Release|Any CPU
	EndGlobalSection
	GlobalSection(ProjectConfigurationPlatforms) = postSolution
		{C81F9B4A-75A9-49BE-AEF2-8A8FEB25DA31}.Debug|Any CPU.ActiveCfg = Debug|Any CPU
		{C81F9B4A-75A9-49BE-AEF2-8A8FEB25DA31}.Debug|Any CPU.Build.0 = Debug|Any CPU
		{C81F9B4A-75A9-49BE-AEF2-8A8FEB25DA31}.Release|Any CPU.ActiveCfg = Release|Any CPU
		{C81F9B4A-75A9-49BE-AEF2-8A8FEB25DA31}.Release|Any CPU.Build.0 = Release|Any CPU
	EndGlobalSection
	GlobalSection(SolutionProperties) = preSolution
		HideSolutionNode = FALSE
	EndGlobalSection
	GlobalSection(ExtensibilityGlobals) = postSolution
		SolutionGuid = {1F31CB29-66E4-4BA0-8B7E-D6ACEC8F1B65}
	EndGlobalSection
EndGlobal
